// !$*UTF8*$!
{
	archiveVersion = 1;
	classes = {
	};
	objectVersion = 56;
	objects = {

/* Begin PBXBuildFile section */
		511F66632B19AA7700066C27 /* FriendProfileViewController.swift in Sources */ = {isa = PBXBuildFile; fileRef = 511F66622B19AA7700066C27 /* FriendProfileViewController.swift */; };
		511F66652B19ACE100066C27 /* Theme.swift in Sources */ = {isa = PBXBuildFile; fileRef = 511F66642B19ACE100066C27 /* Theme.swift */; };
		511F666A2B19EB5000066C27 /* DataModel.xcdatamodeld in Sources */ = {isa = PBXBuildFile; fileRef = 511F66682B19EB5000066C27 /* DataModel.xcdatamodeld */; };
		511F666C2B19EB6E00066C27 /* DataService.swift in Sources */ = {isa = PBXBuildFile; fileRef = 511F666B2B19EB6E00066C27 /* DataService.swift */; };
		511F66712B1C645F00066C27 /* GroupModel+CoreDataClass.swift in Sources */ = {isa = PBXBuildFile; fileRef = 511F666D2B1C645F00066C27 /* GroupModel+CoreDataClass.swift */; };
		511F66722B1C645F00066C27 /* GroupModel+CoreDataProperties.swift in Sources */ = {isa = PBXBuildFile; fileRef = 511F666E2B1C645F00066C27 /* GroupModel+CoreDataProperties.swift */; };
		511F66732B1C645F00066C27 /* FriendModel+CoreDataClass.swift in Sources */ = {isa = PBXBuildFile; fileRef = 511F666F2B1C645F00066C27 /* FriendModel+CoreDataClass.swift */; };
		511F66742B1C645F00066C27 /* FriendModel+CoreDataProperties.swift in Sources */ = {isa = PBXBuildFile; fileRef = 511F66702B1C645F00066C27 /* FriendModel+CoreDataProperties.swift */; };
		51561D092B09EED900F00DA1 /* GroupsTableViewCell.swift in Sources */ = {isa = PBXBuildFile; fileRef = 51561D082B09EED900F00DA1 /* GroupsTableViewCell.swift */; };
		51561D0B2B09F47400F00DA1 /* PhotosCollectionViewCell.swift in Sources */ = {isa = PBXBuildFile; fileRef = 51561D0A2B09F47400F00DA1 /* PhotosCollectionViewCell.swift */; };
		519A4A842B048FBA001539BC /* AppDelegate.swift in Sources */ = {isa = PBXBuildFile; fileRef = 519A4A832B048FBA001539BC /* AppDelegate.swift */; };
		519A4A862B048FBA001539BC /* SceneDelegate.swift in Sources */ = {isa = PBXBuildFile; fileRef = 519A4A852B048FBA001539BC /* SceneDelegate.swift */; };
		519A4A882B048FBA001539BC /* SignInViewController.swift in Sources */ = {isa = PBXBuildFile; fileRef = 519A4A872B048FBA001539BC /* SignInViewController.swift */; };
		519A4A8D2B048FBB001539BC /* Assets.xcassets in Resources */ = {isa = PBXBuildFile; fileRef = 519A4A8C2B048FBB001539BC /* Assets.xcassets */; };
		519A4A902B048FBB001539BC /* LaunchScreen.storyboard in Resources */ = {isa = PBXBuildFile; fileRef = 519A4A8E2B048FBB001539BC /* LaunchScreen.storyboard */; };
		519A4A982B048FE4001539BC /* .gitignore in Resources */ = {isa = PBXBuildFile; fileRef = 519A4A972B048FE4001539BC /* .gitignore */; };
		51B6ADF12B170D240066C617 /* UserProfileViewController.swift in Sources */ = {isa = PBXBuildFile; fileRef = 51B6ADF02B170D240066C617 /* UserProfileViewController.swift */; };
		51B6ADF32B1723550066C617 /* User.swift in Sources */ = {isa = PBXBuildFile; fileRef = 51B6ADF22B1723550066C617 /* User.swift */; };
		51E93F072B0719370009F9F9 /* TabBarController.swift in Sources */ = {isa = PBXBuildFile; fileRef = 51E93F062B0719370009F9F9 /* TabBarController.swift */; };
		51E93F092B071BF50009F9F9 /* FriendsTableViewController.swift in Sources */ = {isa = PBXBuildFile; fileRef = 51E93F082B071BF50009F9F9 /* FriendsTableViewController.swift */; };
		51E93F0B2B071C0B0009F9F9 /* GroupsTableViewController.swift in Sources */ = {isa = PBXBuildFile; fileRef = 51E93F0A2B071C0B0009F9F9 /* GroupsTableViewController.swift */; };
		51E93F0D2B071C250009F9F9 /* PhotosCollectionViewController.swift in Sources */ = {isa = PBXBuildFile; fileRef = 51E93F0C2B071C250009F9F9 /* PhotosCollectionViewController.swift */; };
		51E93F0F2B0728FF0009F9F9 /* FriendsTableViewCell.swift in Sources */ = {isa = PBXBuildFile; fileRef = 51E93F0E2B0728FF0009F9F9 /* FriendsTableViewCell.swift */; };
		51F5EFB12B0C86BF00FA52A0 /* NetworkService.swift in Sources */ = {isa = PBXBuildFile; fileRef = 51F5EFB02B0C86BF00FA52A0 /* NetworkService.swift */; };
		51F5EFB52B0C88CF00FA52A0 /* CLientID.swift in Sources */ = {isa = PBXBuildFile; fileRef = 51F5EFB42B0C88CF00FA52A0 /* CLientID.swift */; };
		51F5FCDE2B0DE34200DF8D4C /* Friend.swift in Sources */ = {isa = PBXBuildFile; fileRef = 51F5FCDD2B0DE34200DF8D4C /* Friend.swift */; };
		51F5FCE02B0DEDDB00DF8D4C /* Group.swift in Sources */ = {isa = PBXBuildFile; fileRef = 51F5FCDF2B0DEDDB00DF8D4C /* Group.swift */; };
		51F5FCE22B0DF1ED00DF8D4C /* Photo.swift in Sources */ = {isa = PBXBuildFile; fileRef = 51F5FCE12B0DF1ED00DF8D4C /* Photo.swift */; };
/* End PBXBuildFile section */

/* Begin PBXFileReference section */
		511F66622B19AA7700066C27 /* FriendProfileViewController.swift */ = {isa = PBXFileReference; lastKnownFileType = sourcecode.swift; path = FriendProfileViewController.swift; sourceTree = "<group>"; };
		511F66642B19ACE100066C27 /* Theme.swift */ = {isa = PBXFileReference; lastKnownFileType = sourcecode.swift; path = Theme.swift; sourceTree = "<group>"; };
		511F66692B19EB5000066C27 /* DataModel.xcdatamodel */ = {isa = PBXFileReference; lastKnownFileType = wrapper.xcdatamodel; path = DataModel.xcdatamodel; sourceTree = "<group>"; };
		511F666B2B19EB6E00066C27 /* DataService.swift */ = {isa = PBXFileReference; lastKnownFileType = sourcecode.swift; path = DataService.swift; sourceTree = "<group>"; };
		511F666D2B1C645F00066C27 /* GroupModel+CoreDataClass.swift */ = {isa = PBXFileReference; lastKnownFileType = sourcecode.swift; path = "GroupModel+CoreDataClass.swift"; sourceTree = "<group>"; };
		511F666E2B1C645F00066C27 /* GroupModel+CoreDataProperties.swift */ = {isa = PBXFileReference; lastKnownFileType = sourcecode.swift; path = "GroupModel+CoreDataProperties.swift"; sourceTree = "<group>"; };
		511F666F2B1C645F00066C27 /* FriendModel+CoreDataClass.swift */ = {isa = PBXFileReference; lastKnownFileType = sourcecode.swift; path = "FriendModel+CoreDataClass.swift"; sourceTree = "<group>"; };
		511F66702B1C645F00066C27 /* FriendModel+CoreDataProperties.swift */ = {isa = PBXFileReference; lastKnownFileType = sourcecode.swift; path = "FriendModel+CoreDataProperties.swift"; sourceTree = "<group>"; };
		51561D082B09EED900F00DA1 /* GroupsTableViewCell.swift */ = {isa = PBXFileReference; lastKnownFileType = sourcecode.swift; path = GroupsTableViewCell.swift; sourceTree = "<group>"; };
		51561D0A2B09F47400F00DA1 /* PhotosCollectionViewCell.swift */ = {isa = PBXFileReference; lastKnownFileType = sourcecode.swift; path = PhotosCollectionViewCell.swift; sourceTree = "<group>"; };
		519A4A802B048FBA001539BC /* VK-UIKit.app */ = {isa = PBXFileReference; explicitFileType = wrapper.application; includeInIndex = 0; path = "VK-UIKit.app"; sourceTree = BUILT_PRODUCTS_DIR; };
		519A4A832B048FBA001539BC /* AppDelegate.swift */ = {isa = PBXFileReference; lastKnownFileType = sourcecode.swift; path = AppDelegate.swift; sourceTree = "<group>"; };
		519A4A852B048FBA001539BC /* SceneDelegate.swift */ = {isa = PBXFileReference; lastKnownFileType = sourcecode.swift; path = SceneDelegate.swift; sourceTree = "<group>"; };
		519A4A872B048FBA001539BC /* SignInViewController.swift */ = {isa = PBXFileReference; lastKnownFileType = sourcecode.swift; path = SignInViewController.swift; sourceTree = "<group>"; };
		519A4A8C2B048FBB001539BC /* Assets.xcassets */ = {isa = PBXFileReference; lastKnownFileType = folder.assetcatalog; path = Assets.xcassets; sourceTree = "<group>"; };
		519A4A8F2B048FBB001539BC /* Base */ = {isa = PBXFileReference; lastKnownFileType = file.storyboard; name = Base; path = Base.lproj/LaunchScreen.storyboard; sourceTree = "<group>"; };
		519A4A912B048FBB001539BC /* Info.plist */ = {isa = PBXFileReference; lastKnownFileType = text.plist.xml; path = Info.plist; sourceTree = "<group>"; };
		519A4A972B048FE4001539BC /* .gitignore */ = {isa = PBXFileReference; lastKnownFileType = text; path = .gitignore; sourceTree = "<group>"; };
		519A4A992B049643001539BC /* README.md */ = {isa = PBXFileReference; explicitFileType = net.daringfireball.markdown; path = README.md; sourceTree = "<group>"; xcLanguageSpecificationIdentifier = xcode.lang.markdown; };
		51B6ADF02B170D240066C617 /* UserProfileViewController.swift */ = {isa = PBXFileReference; lastKnownFileType = sourcecode.swift; path = UserProfileViewController.swift; sourceTree = "<group>"; };
		51B6ADF22B1723550066C617 /* User.swift */ = {isa = PBXFileReference; lastKnownFileType = sourcecode.swift; path = User.swift; sourceTree = "<group>"; };
		51E93F062B0719370009F9F9 /* TabBarController.swift */ = {isa = PBXFileReference; lastKnownFileType = sourcecode.swift; path = TabBarController.swift; sourceTree = "<group>"; };
		51E93F082B071BF50009F9F9 /* FriendsTableViewController.swift */ = {isa = PBXFileReference; lastKnownFileType = sourcecode.swift; path = FriendsTableViewController.swift; sourceTree = "<group>"; };
		51E93F0A2B071C0B0009F9F9 /* GroupsTableViewController.swift */ = {isa = PBXFileReference; lastKnownFileType = sourcecode.swift; path = GroupsTableViewController.swift; sourceTree = "<group>"; };
		51E93F0C2B071C250009F9F9 /* PhotosCollectionViewController.swift */ = {isa = PBXFileReference; lastKnownFileType = sourcecode.swift; path = PhotosCollectionViewController.swift; sourceTree = "<group>"; };
		51E93F0E2B0728FF0009F9F9 /* FriendsTableViewCell.swift */ = {isa = PBXFileReference; lastKnownFileType = sourcecode.swift; path = FriendsTableViewCell.swift; sourceTree = "<group>"; };
		51F5EFB02B0C86BF00FA52A0 /* NetworkService.swift */ = {isa = PBXFileReference; lastKnownFileType = sourcecode.swift; path = NetworkService.swift; sourceTree = "<group>"; };
		51F5EFB42B0C88CF00FA52A0 /* CLientID.swift */ = {isa = PBXFileReference; lastKnownFileType = sourcecode.swift; path = CLientID.swift; sourceTree = "<group>"; };
		51F5FCDD2B0DE34200DF8D4C /* Friend.swift */ = {isa = PBXFileReference; lastKnownFileType = sourcecode.swift; path = Friend.swift; sourceTree = "<group>"; };
		51F5FCDF2B0DEDDB00DF8D4C /* Group.swift */ = {isa = PBXFileReference; lastKnownFileType = sourcecode.swift; path = Group.swift; sourceTree = "<group>"; };
		51F5FCE12B0DF1ED00DF8D4C /* Photo.swift */ = {isa = PBXFileReference; lastKnownFileType = sourcecode.swift; path = Photo.swift; sourceTree = "<group>"; };
/* End PBXFileReference section */

/* Begin PBXFrameworksBuildPhase section */
		519A4A7D2B048FBA001539BC /* Frameworks */ = {
			isa = PBXFrameworksBuildPhase;
			buildActionMask = 2147483647;
			files = (
			);
			runOnlyForDeploymentPostprocessing = 0;
		};
/* End PBXFrameworksBuildPhase section */

/* Begin PBXGroup section */
		511F66752B1CBE9000066C27 /* ViewControllers */ = {
			isa = PBXGroup;
			children = (
				519A4A872B048FBA001539BC /* SignInViewController.swift */,
				51E93F062B0719370009F9F9 /* TabBarController.swift */,
				51E93F082B071BF50009F9F9 /* FriendsTableViewController.swift */,
				51E93F0E2B0728FF0009F9F9 /* FriendsTableViewCell.swift */,
				51E93F0A2B071C0B0009F9F9 /* GroupsTableViewController.swift */,
				51561D082B09EED900F00DA1 /* GroupsTableViewCell.swift */,
				51E93F0C2B071C250009F9F9 /* PhotosCollectionViewController.swift */,
				51561D0A2B09F47400F00DA1 /* PhotosCollectionViewCell.swift */,
				51B6ADF02B170D240066C617 /* UserProfileViewController.swift */,
				511F66622B19AA7700066C27 /* FriendProfileViewController.swift */,
			);
			path = ViewControllers;
			sourceTree = "<group>";
		};
		519A4A772B048FBA001539BC = {
			isa = PBXGroup;
			children = (
				519A4A992B049643001539BC /* README.md */,
				519A4A822B048FBA001539BC /* VK-UIKit */,
				519A4A972B048FE4001539BC /* .gitignore */,
				519A4A812B048FBA001539BC /* Products */,
			);
			sourceTree = "<group>";
		};
		519A4A812B048FBA001539BC /* Products */ = {
			isa = PBXGroup;
			children = (
				519A4A802B048FBA001539BC /* VK-UIKit.app */,
			);
			name = Products;
			sourceTree = "<group>";
		};
		519A4A822B048FBA001539BC /* VK-UIKit */ = {
			isa = PBXGroup;
			children = (
				51F5EFB42B0C88CF00FA52A0 /* CLientID.swift */,
				519A4A832B048FBA001539BC /* AppDelegate.swift */,
				519A4A852B048FBA001539BC /* SceneDelegate.swift */,
				511F66642B19ACE100066C27 /* Theme.swift */,
				511F66752B1CBE9000066C27 /* ViewControllers */,
				51F5EFAF2B0C86AF00FA52A0 /* Services */,
				51F5FCDC2B0DD24700DF8D4C /* Models */,
				519A4A8C2B048FBB001539BC /* Assets.xcassets */,
				519A4A8E2B048FBB001539BC /* LaunchScreen.storyboard */,
				519A4A912B048FBB001539BC /* Info.plist */,
			);
			path = "VK-UIKit";
			sourceTree = "<group>";
		};
		51F5EFAF2B0C86AF00FA52A0 /* Services */ = {
			isa = PBXGroup;
			children = (
				51F5EFB02B0C86BF00FA52A0 /* NetworkService.swift */,
				511F666B2B19EB6E00066C27 /* DataService.swift */,
			);
			path = Services;
			sourceTree = "<group>";
		};
		51F5FCDC2B0DD24700DF8D4C /* Models */ = {
			isa = PBXGroup;
			children = (
				511F666D2B1C645F00066C27 /* GroupModel+CoreDataClass.swift */,
				511F666E2B1C645F00066C27 /* GroupModel+CoreDataProperties.swift */,
				511F666F2B1C645F00066C27 /* FriendModel+CoreDataClass.swift */,
				511F66702B1C645F00066C27 /* FriendModel+CoreDataProperties.swift */,
				511F66682B19EB5000066C27 /* DataModel.xcdatamodeld */,
				51F5FCDD2B0DE34200DF8D4C /* Friend.swift */,
				51F5FCDF2B0DEDDB00DF8D4C /* Group.swift */,
				51F5FCE12B0DF1ED00DF8D4C /* Photo.swift */,
				51B6ADF22B1723550066C617 /* User.swift */,
			);
			path = Models;
			sourceTree = "<group>";
		};
/* End PBXGroup section */

/* Begin PBXNativeTarget section */
		519A4A7F2B048FBA001539BC /* VK-UIKit */ = {
			isa = PBXNativeTarget;
			buildConfigurationList = 519A4A942B048FBB001539BC /* Build configuration list for PBXNativeTarget "VK-UIKit" */;
			buildPhases = (
				519A4A7C2B048FBA001539BC /* Sources */,
				519A4A7D2B048FBA001539BC /* Frameworks */,
				519A4A7E2B048FBA001539BC /* Resources */,
			);
			buildRules = (
			);
			dependencies = (
			);
			name = "VK-UIKit";
			productName = "VK-UIKit";
			productReference = 519A4A802B048FBA001539BC /* VK-UIKit.app */;
			productType = "com.apple.product-type.application";
		};
/* End PBXNativeTarget section */

/* Begin PBXProject section */
		519A4A782B048FBA001539BC /* Project object */ = {
			isa = PBXProject;
			attributes = {
				BuildIndependentTargetsInParallel = 1;
				LastSwiftUpdateCheck = 1500;
				LastUpgradeCheck = 1500;
				TargetAttributes = {
					519A4A7F2B048FBA001539BC = {
						CreatedOnToolsVersion = 15.0.1;
					};
				};
			};
			buildConfigurationList = 519A4A7B2B048FBA001539BC /* Build configuration list for PBXProject "VK-UIKit" */;
			compatibilityVersion = "Xcode 14.0";
			developmentRegion = en;
			hasScannedForEncodings = 0;
			knownRegions = (
				en,
				Base,
			);
			mainGroup = 519A4A772B048FBA001539BC;
			productRefGroup = 519A4A812B048FBA001539BC /* Products */;
			projectDirPath = "";
			projectRoot = "";
			targets = (
				519A4A7F2B048FBA001539BC /* VK-UIKit */,
			);
		};
/* End PBXProject section */

/* Begin PBXResourcesBuildPhase section */
		519A4A7E2B048FBA001539BC /* Resources */ = {
			isa = PBXResourcesBuildPhase;
			buildActionMask = 2147483647;
			files = (
				519A4A982B048FE4001539BC /* .gitignore in Resources */,
				519A4A902B048FBB001539BC /* LaunchScreen.storyboard in Resources */,
				519A4A8D2B048FBB001539BC /* Assets.xcassets in Resources */,
			);
			runOnlyForDeploymentPostprocessing = 0;
		};
/* End PBXResourcesBuildPhase section */

/* Begin PBXSourcesBuildPhase section */
		519A4A7C2B048FBA001539BC /* Sources */ = {
			isa = PBXSourcesBuildPhase;
			buildActionMask = 2147483647;
			files = (
				51F5FCDE2B0DE34200DF8D4C /* Friend.swift in Sources */,
				511F666A2B19EB5000066C27 /* DataModel.xcdatamodeld in Sources */,
				51F5EFB12B0C86BF00FA52A0 /* NetworkService.swift in Sources */,
				519A4A882B048FBA001539BC /* SignInViewController.swift in Sources */,
				51E93F072B0719370009F9F9 /* TabBarController.swift in Sources */,
				519A4A842B048FBA001539BC /* AppDelegate.swift in Sources */,
				51E93F0F2B0728FF0009F9F9 /* FriendsTableViewCell.swift in Sources */,
				51B6ADF12B170D240066C617 /* UserProfileViewController.swift in Sources */,
				51B6ADF32B1723550066C617 /* User.swift in Sources */,
				51F5EFB52B0C88CF00FA52A0 /* CLientID.swift in Sources */,
				51F5FCE02B0DEDDB00DF8D4C /* Group.swift in Sources */,
				51E93F0D2B071C250009F9F9 /* PhotosCollectionViewController.swift in Sources */,
				511F66742B1C645F00066C27 /* FriendModel+CoreDataProperties.swift in Sources */,
				51F5FCE22B0DF1ED00DF8D4C /* Photo.swift in Sources */,
				511F66712B1C645F00066C27 /* GroupModel+CoreDataClass.swift in Sources */,
				511F66632B19AA7700066C27 /* FriendProfileViewController.swift in Sources */,
				511F66732B1C645F00066C27 /* FriendModel+CoreDataClass.swift in Sources */,
				511F66652B19ACE100066C27 /* Theme.swift in Sources */,
				511F66722B1C645F00066C27 /* GroupModel+CoreDataProperties.swift in Sources */,
				511F666C2B19EB6E00066C27 /* DataService.swift in Sources */,
				51561D0B2B09F47400F00DA1 /* PhotosCollectionViewCell.swift in Sources */,
				51561D092B09EED900F00DA1 /* GroupsTableViewCell.swift in Sources */,
				519A4A862B048FBA001539BC /* SceneDelegate.swift in Sources */,
				51E93F092B071BF50009F9F9 /* FriendsTableViewController.swift in Sources */,
				51E93F0B2B071C0B0009F9F9 /* GroupsTableViewController.swift in Sources */,
			);
			runOnlyForDeploymentPostprocessing = 0;
		};
/* End PBXSourcesBuildPhase section */

/* Begin PBXVariantGroup section */
		519A4A8E2B048FBB001539BC /* LaunchScreen.storyboard */ = {
			isa = PBXVariantGroup;
			children = (
				519A4A8F2B048FBB001539BC /* Base */,
			);
			name = LaunchScreen.storyboard;
			sourceTree = "<group>";
		};
/* End PBXVariantGroup section */

/* Begin XCBuildConfiguration section */
		519A4A922B048FBB001539BC /* Debug */ = {
			isa = XCBuildConfiguration;
			buildSettings = {
				ALWAYS_SEARCH_USER_PATHS = NO;
				ASSETCATALOG_COMPILER_GENERATE_SWIFT_ASSET_SYMBOL_EXTENSIONS = YES;
				CLANG_ANALYZER_NONNULL = YES;
				CLANG_ANALYZER_NUMBER_OBJECT_CONVERSION = YES_AGGRESSIVE;
				CLANG_CXX_LANGUAGE_STANDARD = "gnu++20";
				CLANG_ENABLE_MODULES = YES;
				CLANG_ENABLE_OBJC_ARC = YES;
				CLANG_ENABLE_OBJC_WEAK = YES;
				CLANG_WARN_BLOCK_CAPTURE_AUTORELEASING = YES;
				CLANG_WARN_BOOL_CONVERSION = YES;
				CLANG_WARN_COMMA = YES;
				CLANG_WARN_CONSTANT_CONVERSION = YES;
				CLANG_WARN_DEPRECATED_OBJC_IMPLEMENTATIONS = YES;
				CLANG_WARN_DIRECT_OBJC_ISA_USAGE = YES_ERROR;
				CLANG_WARN_DOCUMENTATION_COMMENTS = YES;
				CLANG_WARN_EMPTY_BODY = YES;
				CLANG_WARN_ENUM_CONVERSION = YES;
				CLANG_WARN_INFINITE_RECURSION = YES;
				CLANG_WARN_INT_CONVERSION = YES;
				CLANG_WARN_NON_LITERAL_NULL_CONVERSION = YES;
				CLANG_WARN_OBJC_IMPLICIT_RETAIN_SELF = YES;
				CLANG_WARN_OBJC_LITERAL_CONVERSION = YES;
				CLANG_WARN_OBJC_ROOT_CLASS = YES_ERROR;
				CLANG_WARN_QUOTED_INCLUDE_IN_FRAMEWORK_HEADER = YES;
				CLANG_WARN_RANGE_LOOP_ANALYSIS = YES;
				CLANG_WARN_STRICT_PROTOTYPES = YES;
				CLANG_WARN_SUSPICIOUS_MOVE = YES;
				CLANG_WARN_UNGUARDED_AVAILABILITY = YES_AGGRESSIVE;
				CLANG_WARN_UNREACHABLE_CODE = YES;
				CLANG_WARN__DUPLICATE_METHOD_MATCH = YES;
				COPY_PHASE_STRIP = NO;
				DEBUG_INFORMATION_FORMAT = dwarf;
				ENABLE_STRICT_OBJC_MSGSEND = YES;
				ENABLE_TESTABILITY = YES;
				ENABLE_USER_SCRIPT_SANDBOXING = YES;
				GCC_C_LANGUAGE_STANDARD = gnu17;
				GCC_DYNAMIC_NO_PIC = NO;
				GCC_NO_COMMON_BLOCKS = YES;
				GCC_OPTIMIZATION_LEVEL = 0;
				GCC_PREPROCESSOR_DEFINITIONS = (
					"DEBUG=1",
					"$(inherited)",
				);
				GCC_WARN_64_TO_32_BIT_CONVERSION = YES;
				GCC_WARN_ABOUT_RETURN_TYPE = YES_ERROR;
				GCC_WARN_UNDECLARED_SELECTOR = YES;
				GCC_WARN_UNINITIALIZED_AUTOS = YES_AGGRESSIVE;
				GCC_WARN_UNUSED_FUNCTION = YES;
				GCC_WARN_UNUSED_VARIABLE = YES;
				IPHONEOS_DEPLOYMENT_TARGET = 17.0;
				LOCALIZATION_PREFERS_STRING_CATALOGS = YES;
				MTL_ENABLE_DEBUG_INFO = INCLUDE_SOURCE;
				MTL_FAST_MATH = YES;
				ONLY_ACTIVE_ARCH = YES;
				SDKROOT = iphoneos;
				SWIFT_ACTIVE_COMPILATION_CONDITIONS = "DEBUG $(inherited)";
				SWIFT_OPTIMIZATION_LEVEL = "-Onone";
			};
			name = Debug;
		};
		519A4A932B048FBB001539BC /* Release */ = {
			isa = XCBuildConfiguration;
			buildSettings = {
				ALWAYS_SEARCH_USER_PATHS = NO;
				ASSETCATALOG_COMPILER_GENERATE_SWIFT_ASSET_SYMBOL_EXTENSIONS = YES;
				CLANG_ANALYZER_NONNULL = YES;
				CLANG_ANALYZER_NUMBER_OBJECT_CONVERSION = YES_AGGRESSIVE;
				CLANG_CXX_LANGUAGE_STANDARD = "gnu++20";
				CLANG_ENABLE_MODULES = YES;
				CLANG_ENABLE_OBJC_ARC = YES;
				CLANG_ENABLE_OBJC_WEAK = YES;
				CLANG_WARN_BLOCK_CAPTURE_AUTORELEASING = YES;
				CLANG_WARN_BOOL_CONVERSION = YES;
				CLANG_WARN_COMMA = YES;
				CLANG_WARN_CONSTANT_CONVERSION = YES;
				CLANG_WARN_DEPRECATED_OBJC_IMPLEMENTATIONS = YES;
				CLANG_WARN_DIRECT_OBJC_ISA_USAGE = YES_ERROR;
				CLANG_WARN_DOCUMENTATION_COMMENTS = YES;
				CLANG_WARN_EMPTY_BODY = YES;
				CLANG_WARN_ENUM_CONVERSION = YES;
				CLANG_WARN_INFINITE_RECURSION = YES;
				CLANG_WARN_INT_CONVERSION = YES;
				CLANG_WARN_NON_LITERAL_NULL_CONVERSION = YES;
				CLANG_WARN_OBJC_IMPLICIT_RETAIN_SELF = YES;
				CLANG_WARN_OBJC_LITERAL_CONVERSION = YES;
				CLANG_WARN_OBJC_ROOT_CLASS = YES_ERROR;
				CLANG_WARN_QUOTED_INCLUDE_IN_FRAMEWORK_HEADER = YES;
				CLANG_WARN_RANGE_LOOP_ANALYSIS = YES;
				CLANG_WARN_STRICT_PROTOTYPES = YES;
				CLANG_WARN_SUSPICIOUS_MOVE = YES;
				CLANG_WARN_UNGUARDED_AVAILABILITY = YES_AGGRESSIVE;
				CLANG_WARN_UNREACHABLE_CODE = YES;
				CLANG_WARN__DUPLICATE_METHOD_MATCH = YES;
				COPY_PHASE_STRIP = NO;
				DEBUG_INFORMATION_FORMAT = "dwarf-with-dsym";
				ENABLE_NS_ASSERTIONS = NO;
				ENABLE_STRICT_OBJC_MSGSEND = YES;
				ENABLE_USER_SCRIPT_SANDBOXING = YES;
				GCC_C_LANGUAGE_STANDARD = gnu17;
				GCC_NO_COMMON_BLOCKS = YES;
				GCC_WARN_64_TO_32_BIT_CONVERSION = YES;
				GCC_WARN_ABOUT_RETURN_TYPE = YES_ERROR;
				GCC_WARN_UNDECLARED_SELECTOR = YES;
				GCC_WARN_UNINITIALIZED_AUTOS = YES_AGGRESSIVE;
				GCC_WARN_UNUSED_FUNCTION = YES;
				GCC_WARN_UNUSED_VARIABLE = YES;
				IPHONEOS_DEPLOYMENT_TARGET = 17.0;
				LOCALIZATION_PREFERS_STRING_CATALOGS = YES;
				MTL_ENABLE_DEBUG_INFO = NO;
				MTL_FAST_MATH = YES;
				SDKROOT = iphoneos;
				SWIFT_COMPILATION_MODE = wholemodule;
				VALIDATE_PRODUCT = YES;
			};
			name = Release;
		};
		519A4A952B048FBB001539BC /* Debug */ = {
			isa = XCBuildConfiguration;
			buildSettings = {
				ASSETCATALOG_COMPILER_APPICON_NAME = AppIcon;
				ASSETCATALOG_COMPILER_GLOBAL_ACCENT_COLOR_NAME = AccentColor;
				CODE_SIGN_STYLE = Automatic;
				CURRENT_PROJECT_VERSION = 1;
				DEVELOPMENT_TEAM = 4645TSUXP2;
				GENERATE_INFOPLIST_FILE = YES;
				INFOPLIST_FILE = "VK-UIKit/Info.plist";
				INFOPLIST_KEY_CFBundleDisplayName = VK;
				INFOPLIST_KEY_LSApplicationCategoryType = "public.app-category.social-networking";
				INFOPLIST_KEY_UIApplicationSupportsIndirectInputEvents = YES;
				INFOPLIST_KEY_UILaunchStoryboardName = LaunchScreen;
				INFOPLIST_KEY_UISupportedInterfaceOrientations_iPad = "UIInterfaceOrientationPortrait UIInterfaceOrientationPortraitUpsideDown UIInterfaceOrientationLandscapeLeft UIInterfaceOrientationLandscapeRight";
				INFOPLIST_KEY_UISupportedInterfaceOrientations_iPhone = "UIInterfaceOrientationPortrait UIInterfaceOrientationLandscapeLeft UIInterfaceOrientationLandscapeRight";
				IPHONEOS_DEPLOYMENT_TARGET = 16.0;
				LD_RUNPATH_SEARCH_PATHS = (
					"$(inherited)",
					"@executable_path/Frameworks",
				);
				MARKETING_VERSION = 1.0;
				PRODUCT_BUNDLE_IDENTIFIER = "dvrassadin.VK-UIKit";
				PRODUCT_NAME = "$(TARGET_NAME)";
				SUPPORTED_PLATFORMS = "iphoneos iphonesimulator";
				SUPPORTS_MACCATALYST = NO;
				SUPPORTS_MAC_DESIGNED_FOR_IPHONE_IPAD = NO;
				SWIFT_EMIT_LOC_STRINGS = YES;
				SWIFT_VERSION = 5.0;
				TARGETED_DEVICE_FAMILY = 1;
			};
			name = Debug;
		};
		519A4A962B048FBB001539BC /* Release */ = {
			isa = XCBuildConfiguration;
			buildSettings = {
				ASSETCATALOG_COMPILER_APPICON_NAME = AppIcon;
				ASSETCATALOG_COMPILER_GLOBAL_ACCENT_COLOR_NAME = AccentColor;
				CODE_SIGN_STYLE = Automatic;
				CURRENT_PROJECT_VERSION = 1;
				DEVELOPMENT_TEAM = 4645TSUXP2;
				GENERATE_INFOPLIST_FILE = YES;
				INFOPLIST_FILE = "VK-UIKit/Info.plist";
				INFOPLIST_KEY_CFBundleDisplayName = VK;
				INFOPLIST_KEY_LSApplicationCategoryType = "public.app-category.social-networking";
				INFOPLIST_KEY_UIApplicationSupportsIndirectInputEvents = YES;
				INFOPLIST_KEY_UILaunchStoryboardName = LaunchScreen;
				INFOPLIST_KEY_UISupportedInterfaceOrientations_iPad = "UIInterfaceOrientationPortrait UIInterfaceOrientationPortraitUpsideDown UIInterfaceOrientationLandscapeLeft UIInterfaceOrientationLandscapeRight";
				INFOPLIST_KEY_UISupportedInterfaceOrientations_iPhone = "UIInterfaceOrientationPortrait UIInterfaceOrientationLandscapeLeft UIInterfaceOrientationLandscapeRight";
				IPHONEOS_DEPLOYMENT_TARGET = 16.0;
				LD_RUNPATH_SEARCH_PATHS = (
					"$(inherited)",
					"@executable_path/Frameworks",
				);
				MARKETING_VERSION = 1.0;
				PRODUCT_BUNDLE_IDENTIFIER = "dvrassadin.VK-UIKit";
				PRODUCT_NAME = "$(TARGET_NAME)";
				SUPPORTED_PLATFORMS = "iphoneos iphonesimulator";
				SUPPORTS_MACCATALYST = NO;
				SUPPORTS_MAC_DESIGNED_FOR_IPHONE_IPAD = NO;
				SWIFT_EMIT_LOC_STRINGS = YES;
				SWIFT_VERSION = 5.0;
				TARGETED_DEVICE_FAMILY = 1;
			};
			name = Release;
		};
/* End XCBuildConfiguration section */

/* Begin XCConfigurationList section */
		519A4A7B2B048FBA001539BC /* Build configuration list for PBXProject "VK-UIKit" */ = {
			isa = XCConfigurationList;
			buildConfigurations = (
				519A4A922B048FBB001539BC /* Debug */,
				519A4A932B048FBB001539BC /* Release */,
			);
			defaultConfigurationIsVisible = 0;
			defaultConfigurationName = Release;
		};
		519A4A942B048FBB001539BC /* Build configuration list for PBXNativeTarget "VK-UIKit" */ = {
			isa = XCConfigurationList;
			buildConfigurations = (
				519A4A952B048FBB001539BC /* Debug */,
				519A4A962B048FBB001539BC /* Release */,
			);
			defaultConfigurationIsVisible = 0;
			defaultConfigurationName = Release;
		};
/* End XCConfigurationList section */

/* Begin XCVersionGroup section */
		511F66682B19EB5000066C27 /* DataModel.xcdatamodeld */ = {
			isa = XCVersionGroup;
			children = (
				511F66692B19EB5000066C27 /* DataModel.xcdatamodel */,
			);
			currentVersion = 511F66692B19EB5000066C27 /* DataModel.xcdatamodel */;
			path = DataModel.xcdatamodeld;
			sourceTree = "<group>";
			versionGroupType = wrapper.xcdatamodel;
		};
/* End XCVersionGroup section */
	};
	rootObject = 519A4A782B048FBA001539BC /* Project object */;
}
